
Microsoft Visual Studio Solution File, Format Version 12.00
# Visual Studio Version 16
Project("{2150E333-8FDC-42A3-9474-1A3956D46DE8}") = "CMakePredefinedTargets", "CMakePredefinedTargets", "{CA37EF39-A8EF-3D78-BDBA-36C1F2C52EF2}"
EndProject
Project("{2150E333-8FDC-42A3-9474-1A3956D46DE8}") = "GLFW3", "GLFW3", "{4F61EDC7-5704-3AD0-8C97-689FD5F08DDF}"
EndProject
Project("{2150E333-8FDC-42A3-9474-1A3956D46DE8}") = "Examples", "GLFW3\Examples", "{4A777145-6B31-3653-A40E-DDD696F44962}"
EndProject
Project("{2150E333-8FDC-42A3-9474-1A3956D46DE8}") = "Tests", "GLFW3\Tests", "{FE02ACB1-2468-3699-9A82-754E35549287}"
EndProject
Project("{8BC9CEB8-8B4A-11D0-8D11-00A0C91BC942}") = "ALL_BUILD", "ALL_BUILD.vcxproj", "{87CA665B-6C98-3C98-8AF1-771819E189B8}"
	ProjectSection(ProjectDependencies) = postProject
		{4402FC6D-2532-3AAD-9BCB-FB4F764C81C3} = {4402FC6D-2532-3AAD-9BCB-FB4F764C81C3}
		{5A50A03A-F102-3295-B5CB-29548740A330} = {5A50A03A-F102-3295-B5CB-29548740A330}
		{A891D4F1-2968-3C16-9D36-AC41884B9097} = {A891D4F1-2968-3C16-9D36-AC41884B9097}
		{F1DC3A30-333F-3CD5-B9B9-96C7E749AC3D} = {F1DC3A30-333F-3CD5-B9B9-96C7E749AC3D}
		{DBFB8881-EC25-3BCC-ADE1-0FDBFAA878AA} = {DBFB8881-EC25-3BCC-ADE1-0FDBFAA878AA}
		{45B79A25-EA7B-3444-9B72-98A8FE56FF7E} = {45B79A25-EA7B-3444-9B72-98A8FE56FF7E}
		{C3F0ADBE-671F-3838-A9A5-9A449A21FB61} = {C3F0ADBE-671F-3838-A9A5-9A449A21FB61}
		{C605EE4A-A21A-3BC3-ABDA-92A7C1378C33} = {C605EE4A-A21A-3BC3-ABDA-92A7C1378C33}
		{2111F50B-797B-3891-96E2-AFB0F0AAFEC2} = {2111F50B-797B-3891-96E2-AFB0F0AAFEC2}
		{7613CBE6-37B6-315F-9765-7DD76DC4BA73} = {7613CBE6-37B6-315F-9765-7DD76DC4BA73}
		{1866BCCE-49D3-358D-B791-6DCE81DF7583} = {1866BCCE-49D3-358D-B791-6DCE81DF7583}
		{BDD0F43A-6DAA-3E21-9D13-6E7C1E6C8189} = {BDD0F43A-6DAA-3E21-9D13-6E7C1E6C8189}
		{A89CB9E1-4FF6-344C-A30A-D821547813F9} = {A89CB9E1-4FF6-344C-A30A-D821547813F9}
		{2CEFC020-8654-3578-8D3A-9D5F30773F8D} = {2CEFC020-8654-3578-8D3A-9D5F30773F8D}
		{1C466492-8BF1-3DD9-B93C-AC358F44CCB4} = {1C466492-8BF1-3DD9-B93C-AC358F44CCB4}
		{D8383C32-0975-36C2-B790-13B5C339A28A} = {D8383C32-0975-36C2-B790-13B5C339A28A}
		{FDFE6780-ACB2-3A6B-BBEE-3A51AAF91144} = {FDFE6780-ACB2-3A6B-BBEE-3A51AAF91144}
		{093095E2-0992-3F11-9F24-E829F61A26C9} = {093095E2-0992-3F11-9F24-E829F61A26C9}
		{D8233912-99DA-3E21-99E5-77C598B71814} = {D8233912-99DA-3E21-99E5-77C598B71814}
		{C1F7835F-C607-3967-AEFD-50433A708878} = {C1F7835F-C607-3967-AEFD-50433A708878}
		{05C791F5-CC8A-32A9-A0EB-532EDFBBDBF5} = {05C791F5-CC8A-32A9-A0EB-532EDFBBDBF5}
		{831C73E3-C699-382B-B4AC-22B916594FBC} = {831C73E3-C699-382B-B4AC-22B916594FBC}
		{B056A0E5-E920-3C40-AA3F-34C0823A4DA9} = {B056A0E5-E920-3C40-AA3F-34C0823A4DA9}
		{E1FED9B7-1BC1-339B-B8DF-63E0A2247790} = {E1FED9B7-1BC1-339B-B8DF-63E0A2247790}
		{FDDFF14A-313A-3F4A-89A1-1AEAC7B162DD} = {FDDFF14A-313A-3F4A-89A1-1AEAC7B162DD}
		{BCC49EBF-951E-3E57-A2C7-79A67547B25F} = {BCC49EBF-951E-3E57-A2C7-79A67547B25F}
		{66609CD9-7FD6-35D3-BFA7-E1DD883B95CF} = {66609CD9-7FD6-35D3-BFA7-E1DD883B95CF}
	EndProjectSection
EndProject
Project("{8BC9CEB8-8B4A-11D0-8D11-00A0C91BC942}") = "GLEW_1130", "external\GLEW_1130.vcxproj", "{4402FC6D-2532-3AAD-9BCB-FB4F764C81C3}"
	ProjectSection(ProjectDependencies) = postProject
		{5A50A03A-F102-3295-B5CB-29548740A330} = {5A50A03A-F102-3295-B5CB-29548740A330}
	EndProjectSection
EndProject
Project("{8BC9CEB8-8B4A-11D0-8D11-00A0C91BC942}") = "INSTALL", "INSTALL.vcxproj", "{B0250971-C263-3366-B7C1-F65415450CC8}"
	ProjectSection(ProjectDependencies) = postProject
		{87CA665B-6C98-3C98-8AF1-771819E189B8} = {87CA665B-6C98-3C98-8AF1-771819E189B8}
		{5A50A03A-F102-3295-B5CB-29548740A330} = {5A50A03A-F102-3295-B5CB-29548740A330}
	EndProjectSection
EndProject
Project("{8BC9CEB8-8B4A-11D0-8D11-00A0C91BC942}") = "ZERO_CHECK", "ZERO_CHECK.vcxproj", "{5A50A03A-F102-3295-B5CB-29548740A330}"
	ProjectSection(ProjectDependencies) = postProject
	EndProjectSection
EndProject
Project("{8BC9CEB8-8B4A-11D0-8D11-00A0C91BC942}") = "boing", "external\glfw-3.1.2\examples\boing.vcxproj", "{A891D4F1-2968-3C16-9D36-AC41884B9097}"
	ProjectSection(ProjectDependencies) = postProject
		{5A50A03A-F102-3295-B5CB-29548740A330} = {5A50A03A-F102-3295-B5CB-29548740A330}
		{7613CBE6-37B6-315F-9765-7DD76DC4BA73} = {7613CBE6-37B6-315F-9765-7DD76DC4BA73}
	EndProjectSection
EndProject
Project("{8BC9CEB8-8B4A-11D0-8D11-00A0C91BC942}") = "clipboard", "external\glfw-3.1.2\tests\clipboard.vcxproj", "{F1DC3A30-333F-3CD5-B9B9-96C7E749AC3D}"
	ProjectSection(ProjectDependencies) = postProject
		{5A50A03A-F102-3295-B5CB-29548740A330} = {5A50A03A-F102-3295-B5CB-29548740A330}
		{7613CBE6-37B6-315F-9765-7DD76DC4BA73} = {7613CBE6-37B6-315F-9765-7DD76DC4BA73}
	EndProjectSection
EndProject
Project("{8BC9CEB8-8B4A-11D0-8D11-00A0C91BC942}") = "cursor", "external\glfw-3.1.2\tests\cursor.vcxproj", "{DBFB8881-EC25-3BCC-ADE1-0FDBFAA878AA}"
	ProjectSection(ProjectDependencies) = postProject
		{5A50A03A-F102-3295-B5CB-29548740A330} = {5A50A03A-F102-3295-B5CB-29548740A330}
		{7613CBE6-37B6-315F-9765-7DD76DC4BA73} = {7613CBE6-37B6-315F-9765-7DD76DC4BA73}
	EndProjectSection
EndProject
Project("{8BC9CEB8-8B4A-11D0-8D11-00A0C91BC942}") = "empty", "external\glfw-3.1.2\tests\empty.vcxproj", "{45B79A25-EA7B-3444-9B72-98A8FE56FF7E}"
	ProjectSection(ProjectDependencies) = postProject
		{5A50A03A-F102-3295-B5CB-29548740A330} = {5A50A03A-F102-3295-B5CB-29548740A330}
		{7613CBE6-37B6-315F-9765-7DD76DC4BA73} = {7613CBE6-37B6-315F-9765-7DD76DC4BA73}
	EndProjectSection
EndProject
Project("{8BC9CEB8-8B4A-11D0-8D11-00A0C91BC942}") = "events", "external\glfw-3.1.2\tests\events.vcxproj", "{C3F0ADBE-671F-3838-A9A5-9A449A21FB61}"
	ProjectSection(ProjectDependencies) = postProject
		{5A50A03A-F102-3295-B5CB-29548740A330} = {5A50A03A-F102-3295-B5CB-29548740A330}
		{7613CBE6-37B6-315F-9765-7DD76DC4BA73} = {7613CBE6-37B6-315F-9765-7DD76DC4BA73}
	EndProjectSection
EndProject
Project("{8BC9CEB8-8B4A-11D0-8D11-00A0C91BC942}") = "gamma", "external\glfw-3.1.2\tests\gamma.vcxproj", "{C605EE4A-A21A-3BC3-ABDA-92A7C1378C33}"
	ProjectSection(ProjectDependencies) = postProject
		{5A50A03A-F102-3295-B5CB-29548740A330} = {5A50A03A-F102-3295-B5CB-29548740A330}
		{7613CBE6-37B6-315F-9765-7DD76DC4BA73} = {7613CBE6-37B6-315F-9765-7DD76DC4BA73}
	EndProjectSection
EndProject
Project("{8BC9CEB8-8B4A-11D0-8D11-00A0C91BC942}") = "gears", "external\glfw-3.1.2\examples\gears.vcxproj", "{2111F50B-797B-3891-96E2-AFB0F0AAFEC2}"
	ProjectSection(ProjectDependencies) = postProject
		{5A50A03A-F102-3295-B5CB-29548740A330} = {5A50A03A-F102-3295-B5CB-29548740A330}
		{7613CBE6-37B6-315F-9765-7DD76DC4BA73} = {7613CBE6-37B6-315F-9765-7DD76DC4BA73}
	EndProjectSection
EndProject
Project("{8BC9CEB8-8B4A-11D0-8D11-00A0C91BC942}") = "glfw", "external\glfw-3.1.2\src\glfw.vcxproj", "{7613CBE6-37B6-315F-9765-7DD76DC4BA73}"
	ProjectSection(ProjectDependencies) = postProject
		{5A50A03A-F102-3295-B5CB-29548740A330} = {5A50A03A-F102-3295-B5CB-29548740A330}
	EndProjectSection
EndProject
Project("{8BC9CEB8-8B4A-11D0-8D11-00A0C91BC942}") = "glfwinfo", "external\glfw-3.1.2\tests\glfwinfo.vcxproj", "{1866BCCE-49D3-358D-B791-6DCE81DF7583}"
	ProjectSection(ProjectDependencies) = postProject
		{5A50A03A-F102-3295-B5CB-29548740A330} = {5A50A03A-F102-3295-B5CB-29548740A330}
		{7613CBE6-37B6-315F-9765-7DD76DC4BA73} = {7613CBE6-37B6-315F-9765-7DD76DC4BA73}
	EndProjectSection
EndProject
Project("{8BC9CEB8-8B4A-11D0-8D11-00A0C91BC942}") = "heightmap", "external\glfw-3.1.2\examples\heightmap.vcxproj", "{BDD0F43A-6DAA-3E21-9D13-6E7C1E6C8189}"
	ProjectSection(ProjectDependencies) = postProject
		{5A50A03A-F102-3295-B5CB-29548740A330} = {5A50A03A-F102-3295-B5CB-29548740A330}
		{7613CBE6-37B6-315F-9765-7DD76DC4BA73} = {7613CBE6-37B6-315F-9765-7DD76DC4BA73}
	EndProjectSection
EndProject
Project("{8BC9CEB8-8B4A-11D0-8D11-00A0C91BC942}") = "iconify", "external\glfw-3.1.2\tests\iconify.vcxproj", "{A89CB9E1-4FF6-344C-A30A-D821547813F9}"
	ProjectSection(ProjectDependencies) = postProject
		{5A50A03A-F102-3295-B5CB-29548740A330} = {5A50A03A-F102-3295-B5CB-29548740A330}
		{7613CBE6-37B6-315F-9765-7DD76DC4BA73} = {7613CBE6-37B6-315F-9765-7DD76DC4BA73}
	EndProjectSection
EndProject
Project("{8BC9CEB8-8B4A-11D0-8D11-00A0C91BC942}") = "joysticks", "external\glfw-3.1.2\tests\joysticks.vcxproj", "{2CEFC020-8654-3578-8D3A-9D5F30773F8D}"
	ProjectSection(ProjectDependencies) = postProject
		{5A50A03A-F102-3295-B5CB-29548740A330} = {5A50A03A-F102-3295-B5CB-29548740A330}
		{7613CBE6-37B6-315F-9765-7DD76DC4BA73} = {7613CBE6-37B6-315F-9765-7DD76DC4BA73}
	EndProjectSection
EndProject
Project("{8BC9CEB8-8B4A-11D0-8D11-00A0C91BC942}") = "monitors", "external\glfw-3.1.2\tests\monitors.vcxproj", "{1C466492-8BF1-3DD9-B93C-AC358F44CCB4}"
	ProjectSection(ProjectDependencies) = postProject
		{5A50A03A-F102-3295-B5CB-29548740A330} = {5A50A03A-F102-3295-B5CB-29548740A330}
		{7613CBE6-37B6-315F-9765-7DD76DC4BA73} = {7613CBE6-37B6-315F-9765-7DD76DC4BA73}
	EndProjectSection
EndProject
Project("{8BC9CEB8-8B4A-11D0-8D11-00A0C91BC942}") = "msaa", "external\glfw-3.1.2\tests\msaa.vcxproj", "{D8383C32-0975-36C2-B790-13B5C339A28A}"
	ProjectSection(ProjectDependencies) = postProject
		{5A50A03A-F102-3295-B5CB-29548740A330} = {5A50A03A-F102-3295-B5CB-29548740A330}
		{7613CBE6-37B6-315F-9765-7DD76DC4BA73} = {7613CBE6-37B6-315F-9765-7DD76DC4BA73}
	EndProjectSection
EndProject
Project("{8BC9CEB8-8B4A-11D0-8D11-00A0C91BC942}") = "particles", "external\glfw-3.1.2\examples\particles.vcxproj", "{FDFE6780-ACB2-3A6B-BBEE-3A51AAF91144}"
	ProjectSection(ProjectDependencies) = postProject
		{5A50A03A-F102-3295-B5CB-29548740A330} = {5A50A03A-F102-3295-B5CB-29548740A330}
		{7613CBE6-37B6-315F-9765-7DD76DC4BA73} = {7613CBE6-37B6-315F-9765-7DD76DC4BA73}
	EndProjectSection
EndProject
Project("{8BC9CEB8-8B4A-11D0-8D11-00A0C91BC942}") = "playground", "playground.vcxproj", "{093095E2-0992-3F11-9F24-E829F61A26C9}"
	ProjectSection(ProjectDependencies) = postProject
		{4402FC6D-2532-3AAD-9BCB-FB4F764C81C3} = {4402FC6D-2532-3AAD-9BCB-FB4F764C81C3}
		{5A50A03A-F102-3295-B5CB-29548740A330} = {5A50A03A-F102-3295-B5CB-29548740A330}
		{7613CBE6-37B6-315F-9765-7DD76DC4BA73} = {7613CBE6-37B6-315F-9765-7DD76DC4BA73}
	EndProjectSection
EndProject
Project("{8BC9CEB8-8B4A-11D0-8D11-00A0C91BC942}") = "reopen", "external\glfw-3.1.2\tests\reopen.vcxproj", "{D8233912-99DA-3E21-99E5-77C598B71814}"
	ProjectSection(ProjectDependencies) = postProject
		{5A50A03A-F102-3295-B5CB-29548740A330} = {5A50A03A-F102-3295-B5CB-29548740A330}
		{7613CBE6-37B6-315F-9765-7DD76DC4BA73} = {7613CBE6-37B6-315F-9765-7DD76DC4BA73}
	EndProjectSection
EndProject
Project("{8BC9CEB8-8B4A-11D0-8D11-00A0C91BC942}") = "sharing", "external\glfw-3.1.2\tests\sharing.vcxproj", "{C1F7835F-C607-3967-AEFD-50433A708878}"
	ProjectSection(ProjectDependencies) = postProject
		{5A50A03A-F102-3295-B5CB-29548740A330} = {5A50A03A-F102-3295-B5CB-29548740A330}
		{7613CBE6-37B6-315F-9765-7DD76DC4BA73} = {7613CBE6-37B6-315F-9765-7DD76DC4BA73}
	EndProjectSection
EndProject
Project("{8BC9CEB8-8B4A-11D0-8D11-00A0C91BC942}") = "simple", "external\glfw-3.1.2\examples\simple.vcxproj", "{05C791F5-CC8A-32A9-A0EB-532EDFBBDBF5}"
	ProjectSection(ProjectDependencies) = postProject
		{5A50A03A-F102-3295-B5CB-29548740A330} = {5A50A03A-F102-3295-B5CB-29548740A330}
		{7613CBE6-37B6-315F-9765-7DD76DC4BA73} = {7613CBE6-37B6-315F-9765-7DD76DC4BA73}
	EndProjectSection
EndProject
Project("{8BC9CEB8-8B4A-11D0-8D11-00A0C91BC942}") = "splitview", "external\glfw-3.1.2\examples\splitview.vcxproj", "{831C73E3-C699-382B-B4AC-22B916594FBC}"
	ProjectSection(ProjectDependencies) = postProject
		{5A50A03A-F102-3295-B5CB-29548740A330} = {5A50A03A-F102-3295-B5CB-29548740A330}
		{7613CBE6-37B6-315F-9765-7DD76DC4BA73} = {7613CBE6-37B6-315F-9765-7DD76DC4BA73}
	EndProjectSection
EndProject
Project("{8BC9CEB8-8B4A-11D0-8D11-00A0C91BC942}") = "tearing", "external\glfw-3.1.2\tests\tearing.vcxproj", "{B056A0E5-E920-3C40-AA3F-34C0823A4DA9}"
	ProjectSection(ProjectDependencies) = postProject
		{5A50A03A-F102-3295-B5CB-29548740A330} = {5A50A03A-F102-3295-B5CB-29548740A330}
		{7613CBE6-37B6-315F-9765-7DD76DC4BA73} = {7613CBE6-37B6-315F-9765-7DD76DC4BA73}
	EndProjectSection
EndProject
Project("{8BC9CEB8-8B4A-11D0-8D11-00A0C91BC942}") = "threads", "external\glfw-3.1.2\tests\threads.vcxproj", "{E1FED9B7-1BC1-339B-B8DF-63E0A2247790}"
	ProjectSection(ProjectDependencies) = postProject
		{5A50A03A-F102-3295-B5CB-29548740A330} = {5A50A03A-F102-3295-B5CB-29548740A330}
		{7613CBE6-37B6-315F-9765-7DD76DC4BA73} = {7613CBE6-37B6-315F-9765-7DD76DC4BA73}
	EndProjectSection
EndProject
Project("{8BC9CEB8-8B4A-11D0-8D11-00A0C91BC942}") = "title", "external\glfw-3.1.2\tests\title.vcxproj", "{FDDFF14A-313A-3F4A-89A1-1AEAC7B162DD}"
	ProjectSection(ProjectDependencies) = postProject
		{5A50A03A-F102-3295-B5CB-29548740A330} = {5A50A03A-F102-3295-B5CB-29548740A330}
		{7613CBE6-37B6-315F-9765-7DD76DC4BA73} = {7613CBE6-37B6-315F-9765-7DD76DC4BA73}
	EndProjectSection
EndProject
Project("{8BC9CEB8-8B4A-11D0-8D11-00A0C91BC942}") = "uninstall", "external\glfw-3.1.2\uninstall.vcxproj", "{7EB2A377-3AAB-3008-A7D8-31B42469CDCC}"
	ProjectSection(ProjectDependencies) = postProject
		{5A50A03A-F102-3295-B5CB-29548740A330} = {5A50A03A-F102-3295-B5CB-29548740A330}
	EndProjectSection
EndProject
Project("{8BC9CEB8-8B4A-11D0-8D11-00A0C91BC942}") = "wave", "external\glfw-3.1.2\examples\wave.vcxproj", "{BCC49EBF-951E-3E57-A2C7-79A67547B25F}"
	ProjectSection(ProjectDependencies) = postProject
		{5A50A03A-F102-3295-B5CB-29548740A330} = {5A50A03A-F102-3295-B5CB-29548740A330}
		{7613CBE6-37B6-315F-9765-7DD76DC4BA73} = {7613CBE6-37B6-315F-9765-7DD76DC4BA73}
	EndProjectSection
EndProject
Project("{8BC9CEB8-8B4A-11D0-8D11-00A0C91BC942}") = "windows", "external\glfw-3.1.2\tests\windows.vcxproj", "{66609CD9-7FD6-35D3-BFA7-E1DD883B95CF}"
	ProjectSection(ProjectDependencies) = postProject
		{5A50A03A-F102-3295-B5CB-29548740A330} = {5A50A03A-F102-3295-B5CB-29548740A330}
		{7613CBE6-37B6-315F-9765-7DD76DC4BA73} = {7613CBE6-37B6-315F-9765-7DD76DC4BA73}
	EndProjectSection
EndProject
Global
	GlobalSection(SolutionConfigurationPlatforms) = preSolution
		Debug|x64 = Debug|x64
		Release|x64 = Release|x64
		MinSizeRel|x64 = MinSizeRel|x64
		RelWithDebInfo|x64 = RelWithDebInfo|x64
	EndGlobalSection
	GlobalSection(ProjectConfigurationPlatforms) = postSolution
		{87CA665B-6C98-3C98-8AF1-771819E189B8}.Debug|x64.ActiveCfg = Debug|x64
		{87CA665B-6C98-3C98-8AF1-771819E189B8}.Debug|x64.Build.0 = Debug|x64
		{87CA665B-6C98-3C98-8AF1-771819E189B8}.Release|x64.ActiveCfg = Release|x64
		{87CA665B-6C98-3C98-8AF1-771819E189B8}.Release|x64.Build.0 = Release|x64
		{87CA665B-6C98-3C98-8AF1-771819E189B8}.MinSizeRel|x64.ActiveCfg = MinSizeRel|x64
		{87CA665B-6C98-3C98-8AF1-771819E189B8}.MinSizeRel|x64.Build.0 = MinSizeRel|x64
		{87CA665B-6C98-3C98-8AF1-771819E189B8}.RelWithDebInfo|x64.ActiveCfg = RelWithDebInfo|x64
		{87CA665B-6C98-3C98-8AF1-771819E189B8}.RelWithDebInfo|x64.Build.0 = RelWithDebInfo|x64
		{4402FC6D-2532-3AAD-9BCB-FB4F764C81C3}.Debug|x64.ActiveCfg = Debug|x64
		{4402FC6D-2532-3AAD-9BCB-FB4F764C81C3}.Debug|x64.Build.0 = Debug|x64
		{4402FC6D-2532-3AAD-9BCB-FB4F764C81C3}.Release|x64.ActiveCfg = Release|x64
		{4402FC6D-2532-3AAD-9BCB-FB4F764C81C3}.Release|x64.Build.0 = Release|x64
		{4402FC6D-2532-3AAD-9BCB-FB4F764C81C3}.MinSizeRel|x64.ActiveCfg = MinSizeRel|x64
		{4402FC6D-2532-3AAD-9BCB-FB4F764C81C3}.MinSizeRel|x64.Build.0 = MinSizeRel|x64
		{4402FC6D-2532-3AAD-9BCB-FB4F764C81C3}.RelWithDebInfo|x64.ActiveCfg = RelWithDebInfo|x64
		{4402FC6D-2532-3AAD-9BCB-FB4F764C81C3}.RelWithDebInfo|x64.Build.0 = RelWithDebInfo|x64
		{B0250971-C263-3366-B7C1-F65415450CC8}.Debug|x64.ActiveCfg = Debug|x64
		{B0250971-C263-3366-B7C1-F65415450CC8}.Release|x64.ActiveCfg = Release|x64
		{B0250971-C263-3366-B7C1-F65415450CC8}.MinSizeRel|x64.ActiveCfg = MinSizeRel|x64
		{B0250971-C263-3366-B7C1-F65415450CC8}.RelWithDebInfo|x64.ActiveCfg = RelWithDebInfo|x64
		{5A50A03A-F102-3295-B5CB-29548740A330}.Debug|x64.ActiveCfg = Debug|x64
		{5A50A03A-F102-3295-B5CB-29548740A330}.Debug|x64.Build.0 = Debug|x64
		{5A50A03A-F102-3295-B5CB-29548740A330}.Release|x64.ActiveCfg = Release|x64
		{5A50A03A-F102-3295-B5CB-29548740A330}.Release|x64.Build.0 = Release|x64
		{5A50A03A-F102-3295-B5CB-29548740A330}.MinSizeRel|x64.ActiveCfg = MinSizeRel|x64
		{5A50A03A-F102-3295-B5CB-29548740A330}.MinSizeRel|x64.Build.0 = MinSizeRel|x64
		{5A50A03A-F102-3295-B5CB-29548740A330}.RelWithDebInfo|x64.ActiveCfg = RelWithDebInfo|x64
		{5A50A03A-F102-3295-B5CB-29548740A330}.RelWithDebInfo|x64.Build.0 = RelWithDebInfo|x64
		{A891D4F1-2968-3C16-9D36-AC41884B9097}.Debug|x64.ActiveCfg = Debug|x64
		{A891D4F1-2968-3C16-9D36-AC41884B9097}.Debug|x64.Build.0 = Debug|x64
		{A891D4F1-2968-3C16-9D36-AC41884B9097}.Release|x64.ActiveCfg = Release|x64
		{A891D4F1-2968-3C16-9D36-AC41884B9097}.Release|x64.Build.0 = Release|x64
		{A891D4F1-2968-3C16-9D36-AC41884B9097}.MinSizeRel|x64.ActiveCfg = MinSizeRel|x64
		{A891D4F1-2968-3C16-9D36-AC41884B9097}.MinSizeRel|x64.Build.0 = MinSizeRel|x64
		{A891D4F1-2968-3C16-9D36-AC41884B9097}.RelWithDebInfo|x64.ActiveCfg = RelWithDebInfo|x64
		{A891D4F1-2968-3C16-9D36-AC41884B9097}.RelWithDebInfo|x64.Build.0 = RelWithDebInfo|x64
		{F1DC3A30-333F-3CD5-B9B9-96C7E749AC3D}.Debug|x64.ActiveCfg = Debug|x64
		{F1DC3A30-333F-3CD5-B9B9-96C7E749AC3D}.Debug|x64.Build.0 = Debug|x64
		{F1DC3A30-333F-3CD5-B9B9-96C7E749AC3D}.Release|x64.ActiveCfg = Release|x64
		{F1DC3A30-333F-3CD5-B9B9-96C7E749AC3D}.Release|x64.Build.0 = Release|x64
		{F1DC3A30-333F-3CD5-B9B9-96C7E749AC3D}.MinSizeRel|x64.ActiveCfg = MinSizeRel|x64
		{F1DC3A30-333F-3CD5-B9B9-96C7E749AC3D}.MinSizeRel|x64.Build.0 = MinSizeRel|x64
		{F1DC3A30-333F-3CD5-B9B9-96C7E749AC3D}.RelWithDebInfo|x64.ActiveCfg = RelWithDebInfo|x64
		{F1DC3A30-333F-3CD5-B9B9-96C7E749AC3D}.RelWithDebInfo|x64.Build.0 = RelWithDebInfo|x64
		{DBFB8881-EC25-3BCC-ADE1-0FDBFAA878AA}.Debug|x64.ActiveCfg = Debug|x64
		{DBFB8881-EC25-3BCC-ADE1-0FDBFAA878AA}.Debug|x64.Build.0 = Debug|x64
		{DBFB8881-EC25-3BCC-ADE1-0FDBFAA878AA}.Release|x64.ActiveCfg = Release|x64
		{DBFB8881-EC25-3BCC-ADE1-0FDBFAA878AA}.Release|x64.Build.0 = Release|x64
		{DBFB8881-EC25-3BCC-ADE1-0FDBFAA878AA}.MinSizeRel|x64.ActiveCfg = MinSizeRel|x64
		{DBFB8881-EC25-3BCC-ADE1-0FDBFAA878AA}.MinSizeRel|x64.Build.0 = MinSizeRel|x64
		{DBFB8881-EC25-3BCC-ADE1-0FDBFAA878AA}.RelWithDebInfo|x64.ActiveCfg = RelWithDebInfo|x64
		{DBFB8881-EC25-3BCC-ADE1-0FDBFAA878AA}.RelWithDebInfo|x64.Build.0 = RelWithDebInfo|x64
		{45B79A25-EA7B-3444-9B72-98A8FE56FF7E}.Debug|x64.ActiveCfg = Debug|x64
		{45B79A25-EA7B-3444-9B72-98A8FE56FF7E}.Debug|x64.Build.0 = Debug|x64
		{45B79A25-EA7B-3444-9B72-98A8FE56FF7E}.Release|x64.ActiveCfg = Release|x64
		{45B79A25-EA7B-3444-9B72-98A8FE56FF7E}.Release|x64.Build.0 = Release|x64
		{45B79A25-EA7B-3444-9B72-98A8FE56FF7E}.MinSizeRel|x64.ActiveCfg = MinSizeRel|x64
		{45B79A25-EA7B-3444-9B72-98A8FE56FF7E}.MinSizeRel|x64.Build.0 = MinSizeRel|x64
		{45B79A25-EA7B-3444-9B72-98A8FE56FF7E}.RelWithDebInfo|x64.ActiveCfg = RelWithDebInfo|x64
		{45B79A25-EA7B-3444-9B72-98A8FE56FF7E}.RelWithDebInfo|x64.Build.0 = RelWithDebInfo|x64
		{C3F0ADBE-671F-3838-A9A5-9A449A21FB61}.Debug|x64.ActiveCfg = Debug|x64
		{C3F0ADBE-671F-3838-A9A5-9A449A21FB61}.Debug|x64.Build.0 = Debug|x64
		{C3F0ADBE-671F-3838-A9A5-9A449A21FB61}.Release|x64.ActiveCfg = Release|x64
		{C3F0ADBE-671F-3838-A9A5-9A449A21FB61}.Release|x64.Build.0 = Release|x64
		{C3F0ADBE-671F-3838-A9A5-9A449A21FB61}.MinSizeRel|x64.ActiveCfg = MinSizeRel|x64
		{C3F0ADBE-671F-3838-A9A5-9A449A21FB61}.MinSizeRel|x64.Build.0 = MinSizeRel|x64
		{C3F0ADBE-671F-3838-A9A5-9A449A21FB61}.RelWithDebInfo|x64.ActiveCfg = RelWithDebInfo|x64
		{C3F0ADBE-671F-3838-A9A5-9A449A21FB61}.RelWithDebInfo|x64.Build.0 = RelWithDebInfo|x64
		{C605EE4A-A21A-3BC3-ABDA-92A7C1378C33}.Debug|x64.ActiveCfg = Debug|x64
		{C605EE4A-A21A-3BC3-ABDA-92A7C1378C33}.Debug|x64.Build.0 = Debug|x64
		{C605EE4A-A21A-3BC3-ABDA-92A7C1378C33}.Release|x64.ActiveCfg = Release|x64
		{C605EE4A-A21A-3BC3-ABDA-92A7C1378C33}.Release|x64.Build.0 = Release|x64
		{C605EE4A-A21A-3BC3-ABDA-92A7C1378C33}.MinSizeRel|x64.ActiveCfg = MinSizeRel|x64
		{C605EE4A-A21A-3BC3-ABDA-92A7C1378C33}.MinSizeRel|x64.Build.0 = MinSizeRel|x64
		{C605EE4A-A21A-3BC3-ABDA-92A7C1378C33}.RelWithDebInfo|x64.ActiveCfg = RelWithDebInfo|x64
		{C605EE4A-A21A-3BC3-ABDA-92A7C1378C33}.RelWithDebInfo|x64.Build.0 = RelWithDebInfo|x64
		{2111F50B-797B-3891-96E2-AFB0F0AAFEC2}.Debug|x64.ActiveCfg = Debug|x64
		{2111F50B-797B-3891-96E2-AFB0F0AAFEC2}.Debug|x64.Build.0 = Debug|x64
		{2111F50B-797B-3891-96E2-AFB0F0AAFEC2}.Release|x64.ActiveCfg = Release|x64
		{2111F50B-797B-3891-96E2-AFB0F0AAFEC2}.Release|x64.Build.0 = Release|x64
		{2111F50B-797B-3891-96E2-AFB0F0AAFEC2}.MinSizeRel|x64.ActiveCfg = MinSizeRel|x64
		{2111F50B-797B-3891-96E2-AFB0F0AAFEC2}.MinSizeRel|x64.Build.0 = MinSizeRel|x64
		{2111F50B-797B-3891-96E2-AFB0F0AAFEC2}.RelWithDebInfo|x64.ActiveCfg = RelWithDebInfo|x64
		{2111F50B-797B-3891-96E2-AFB0F0AAFEC2}.RelWithDebInfo|x64.Build.0 = RelWithDebInfo|x64
		{7613CBE6-37B6-315F-9765-7DD76DC4BA73}.Debug|x64.ActiveCfg = Debug|x64
		{7613CBE6-37B6-315F-9765-7DD76DC4BA73}.Debug|x64.Build.0 = Debug|x64
		{7613CBE6-37B6-315F-9765-7DD76DC4BA73}.Release|x64.ActiveCfg = Release|x64
		{7613CBE6-37B6-315F-9765-7DD76DC4BA73}.Release|x64.Build.0 = Release|x64
		{7613CBE6-37B6-315F-9765-7DD76DC4BA73}.MinSizeRel|x64.ActiveCfg = MinSizeRel|x64
		{7613CBE6-37B6-315F-9765-7DD76DC4BA73}.MinSizeRel|x64.Build.0 = MinSizeRel|x64
		{7613CBE6-37B6-315F-9765-7DD76DC4BA73}.RelWithDebInfo|x64.ActiveCfg = RelWithDebInfo|x64
		{7613CBE6-37B6-315F-9765-7DD76DC4BA73}.RelWithDebInfo|x64.Build.0 = RelWithDebInfo|x64
		{1866BCCE-49D3-358D-B791-6DCE81DF7583}.Debug|x64.ActiveCfg = Debug|x64
		{1866BCCE-49D3-358D-B791-6DCE81DF7583}.Debug|x64.Build.0 = Debug|x64
		{1866BCCE-49D3-358D-B791-6DCE81DF7583}.Release|x64.ActiveCfg = Release|x64
		{1866BCCE-49D3-358D-B791-6DCE81DF7583}.Release|x64.Build.0 = Release|x64
		{1866BCCE-49D3-358D-B791-6DCE81DF7583}.MinSizeRel|x64.ActiveCfg = MinSizeRel|x64
		{1866BCCE-49D3-358D-B791-6DCE81DF7583}.MinSizeRel|x64.Build.0 = MinSizeRel|x64
		{1866BCCE-49D3-358D-B791-6DCE81DF7583}.RelWithDebInfo|x64.ActiveCfg = RelWithDebInfo|x64
		{1866BCCE-49D3-358D-B791-6DCE81DF7583}.RelWithDebInfo|x64.Build.0 = RelWithDebInfo|x64
		{BDD0F43A-6DAA-3E21-9D13-6E7C1E6C8189}.Debug|x64.ActiveCfg = Debug|x64
		{BDD0F43A-6DAA-3E21-9D13-6E7C1E6C8189}.Debug|x64.Build.0 = Debug|x64
		{BDD0F43A-6DAA-3E21-9D13-6E7C1E6C8189}.Release|x64.ActiveCfg = Release|x64
		{BDD0F43A-6DAA-3E21-9D13-6E7C1E6C8189}.Release|x64.Build.0 = Release|x64
		{BDD0F43A-6DAA-3E21-9D13-6E7C1E6C8189}.MinSizeRel|x64.ActiveCfg = MinSizeRel|x64
		{BDD0F43A-6DAA-3E21-9D13-6E7C1E6C8189}.MinSizeRel|x64.Build.0 = MinSizeRel|x64
		{BDD0F43A-6DAA-3E21-9D13-6E7C1E6C8189}.RelWithDebInfo|x64.ActiveCfg = RelWithDebInfo|x64
		{BDD0F43A-6DAA-3E21-9D13-6E7C1E6C8189}.RelWithDebInfo|x64.Build.0 = RelWithDebInfo|x64
		{A89CB9E1-4FF6-344C-A30A-D821547813F9}.Debug|x64.ActiveCfg = Debug|x64
		{A89CB9E1-4FF6-344C-A30A-D821547813F9}.Debug|x64.Build.0 = Debug|x64
		{A89CB9E1-4FF6-344C-A30A-D821547813F9}.Release|x64.ActiveCfg = Release|x64
		{A89CB9E1-4FF6-344C-A30A-D821547813F9}.Release|x64.Build.0 = Release|x64
		{A89CB9E1-4FF6-344C-A30A-D821547813F9}.MinSizeRel|x64.ActiveCfg = MinSizeRel|x64
		{A89CB9E1-4FF6-344C-A30A-D821547813F9}.MinSizeRel|x64.Build.0 = MinSizeRel|x64
		{A89CB9E1-4FF6-344C-A30A-D821547813F9}.RelWithDebInfo|x64.ActiveCfg = RelWithDebInfo|x64
		{A89CB9E1-4FF6-344C-A30A-D821547813F9}.RelWithDebInfo|x64.Build.0 = RelWithDebInfo|x64
		{2CEFC020-8654-3578-8D3A-9D5F30773F8D}.Debug|x64.ActiveCfg = Debug|x64
		{2CEFC020-8654-3578-8D3A-9D5F30773F8D}.Debug|x64.Build.0 = Debug|x64
		{2CEFC020-8654-3578-8D3A-9D5F30773F8D}.Release|x64.ActiveCfg = Release|x64
		{2CEFC020-8654-3578-8D3A-9D5F30773F8D}.Release|x64.Build.0 = Release|x64
		{2CEFC020-8654-3578-8D3A-9D5F30773F8D}.MinSizeRel|x64.ActiveCfg = MinSizeRel|x64
		{2CEFC020-8654-3578-8D3A-9D5F30773F8D}.MinSizeRel|x64.Build.0 = MinSizeRel|x64
		{2CEFC020-8654-3578-8D3A-9D5F30773F8D}.RelWithDebInfo|x64.ActiveCfg = RelWithDebInfo|x64
		{2CEFC020-8654-3578-8D3A-9D5F30773F8D}.RelWithDebInfo|x64.Build.0 = RelWithDebInfo|x64
		{1C466492-8BF1-3DD9-B93C-AC358F44CCB4}.Debug|x64.ActiveCfg = Debug|x64
		{1C466492-8BF1-3DD9-B93C-AC358F44CCB4}.Debug|x64.Build.0 = Debug|x64
		{1C466492-8BF1-3DD9-B93C-AC358F44CCB4}.Release|x64.ActiveCfg = Release|x64
		{1C466492-8BF1-3DD9-B93C-AC358F44CCB4}.Release|x64.Build.0 = Release|x64
		{1C466492-8BF1-3DD9-B93C-AC358F44CCB4}.MinSizeRel|x64.ActiveCfg = MinSizeRel|x64
		{1C466492-8BF1-3DD9-B93C-AC358F44CCB4}.MinSizeRel|x64.Build.0 = MinSizeRel|x64
		{1C466492-8BF1-3DD9-B93C-AC358F44CCB4}.RelWithDebInfo|x64.ActiveCfg = RelWithDebInfo|x64
		{1C466492-8BF1-3DD9-B93C-AC358F44CCB4}.RelWithDebInfo|x64.Build.0 = RelWithDebInfo|x64
		{D8383C32-0975-36C2-B790-13B5C339A28A}.Debug|x64.ActiveCfg = Debug|x64
		{D8383C32-0975-36C2-B790-13B5C339A28A}.Debug|x64.Build.0 = Debug|x64
		{D8383C32-0975-36C2-B790-13B5C339A28A}.Release|x64.ActiveCfg = Release|x64
		{D8383C32-0975-36C2-B790-13B5C339A28A}.Release|x64.Build.0 = Release|x64
		{D8383C32-0975-36C2-B790-13B5C339A28A}.MinSizeRel|x64.ActiveCfg = MinSizeRel|x64
		{D8383C32-0975-36C2-B790-13B5C339A28A}.MinSizeRel|x64.Build.0 = MinSizeRel|x64
		{D8383C32-0975-36C2-B790-13B5C339A28A}.RelWithDebInfo|x64.ActiveCfg = RelWithDebInfo|x64
		{D8383C32-0975-36C2-B790-13B5C339A28A}.RelWithDebInfo|x64.Build.0 = RelWithDebInfo|x64
		{FDFE6780-ACB2-3A6B-BBEE-3A51AAF91144}.Debug|x64.ActiveCfg = Debug|x64
		{FDFE6780-ACB2-3A6B-BBEE-3A51AAF91144}.Debug|x64.Build.0 = Debug|x64
		{FDFE6780-ACB2-3A6B-BBEE-3A51AAF91144}.Release|x64.ActiveCfg = Release|x64
		{FDFE6780-ACB2-3A6B-BBEE-3A51AAF91144}.Release|x64.Build.0 = Release|x64
		{FDFE6780-ACB2-3A6B-BBEE-3A51AAF91144}.MinSizeRel|x64.ActiveCfg = MinSizeRel|x64
		{FDFE6780-ACB2-3A6B-BBEE-3A51AAF91144}.MinSizeRel|x64.Build.0 = MinSizeRel|x64
		{FDFE6780-ACB2-3A6B-BBEE-3A51AAF91144}.RelWithDebInfo|x64.ActiveCfg = RelWithDebInfo|x64
		{FDFE6780-ACB2-3A6B-BBEE-3A51AAF91144}.RelWithDebInfo|x64.Build.0 = RelWithDebInfo|x64
		{093095E2-0992-3F11-9F24-E829F61A26C9}.Debug|x64.ActiveCfg = Debug|x64
		{093095E2-0992-3F11-9F24-E829F61A26C9}.Debug|x64.Build.0 = Debug|x64
		{093095E2-0992-3F11-9F24-E829F61A26C9}.Release|x64.ActiveCfg = Release|x64
		{093095E2-0992-3F11-9F24-E829F61A26C9}.Release|x64.Build.0 = Release|x64
		{093095E2-0992-3F11-9F24-E829F61A26C9}.MinSizeRel|x64.ActiveCfg = MinSizeRel|x64
		{093095E2-0992-3F11-9F24-E829F61A26C9}.MinSizeRel|x64.Build.0 = MinSizeRel|x64
		{093095E2-0992-3F11-9F24-E829F61A26C9}.RelWithDebInfo|x64.ActiveCfg = RelWithDebInfo|x64
		{093095E2-0992-3F11-9F24-E829F61A26C9}.RelWithDebInfo|x64.Build.0 = RelWithDebInfo|x64
		{D8233912-99DA-3E21-99E5-77C598B71814}.Debug|x64.ActiveCfg = Debug|x64
		{D8233912-99DA-3E21-99E5-77C598B71814}.Debug|x64.Build.0 = Debug|x64
		{D8233912-99DA-3E21-99E5-77C598B71814}.Release|x64.ActiveCfg = Release|x64
		{D8233912-99DA-3E21-99E5-77C598B71814}.Release|x64.Build.0 = Release|x64
		{D8233912-99DA-3E21-99E5-77C598B71814}.MinSizeRel|x64.ActiveCfg = MinSizeRel|x64
		{D8233912-99DA-3E21-99E5-77C598B71814}.MinSizeRel|x64.Build.0 = MinSizeRel|x64
		{D8233912-99DA-3E21-99E5-77C598B71814}.RelWithDebInfo|x64.ActiveCfg = RelWithDebInfo|x64
		{D8233912-99DA-3E21-99E5-77C598B71814}.RelWithDebInfo|x64.Build.0 = RelWithDebInfo|x64
		{C1F7835F-C607-3967-AEFD-50433A708878}.Debug|x64.ActiveCfg = Debug|x64
		{C1F7835F-C607-3967-AEFD-50433A708878}.Debug|x64.Build.0 = Debug|x64
		{C1F7835F-C607-3967-AEFD-50433A708878}.Release|x64.ActiveCfg = Release|x64
		{C1F7835F-C607-3967-AEFD-50433A708878}.Release|x64.Build.0 = Release|x64
		{C1F7835F-C607-3967-AEFD-50433A708878}.MinSizeRel|x64.ActiveCfg = MinSizeRel|x64
		{C1F7835F-C607-3967-AEFD-50433A708878}.MinSizeRel|x64.Build.0 = MinSizeRel|x64
		{C1F7835F-C607-3967-AEFD-50433A708878}.RelWithDebInfo|x64.ActiveCfg = RelWithDebInfo|x64
		{C1F7835F-C607-3967-AEFD-50433A708878}.RelWithDebInfo|x64.Build.0 = RelWithDebInfo|x64
		{05C791F5-CC8A-32A9-A0EB-532EDFBBDBF5}.Debug|x64.ActiveCfg = Debug|x64
		{05C791F5-CC8A-32A9-A0EB-532EDFBBDBF5}.Debug|x64.Build.0 = Debug|x64
		{05C791F5-CC8A-32A9-A0EB-532EDFBBDBF5}.Release|x64.ActiveCfg = Release|x64
		{05C791F5-CC8A-32A9-A0EB-532EDFBBDBF5}.Release|x64.Build.0 = Release|x64
		{05C791F5-CC8A-32A9-A0EB-532EDFBBDBF5}.MinSizeRel|x64.ActiveCfg = MinSizeRel|x64
		{05C791F5-CC8A-32A9-A0EB-532EDFBBDBF5}.MinSizeRel|x64.Build.0 = MinSizeRel|x64
		{05C791F5-CC8A-32A9-A0EB-532EDFBBDBF5}.RelWithDebInfo|x64.ActiveCfg = RelWithDebInfo|x64
		{05C791F5-CC8A-32A9-A0EB-532EDFBBDBF5}.RelWithDebInfo|x64.Build.0 = RelWithDebInfo|x64
		{831C73E3-C699-382B-B4AC-22B916594FBC}.Debug|x64.ActiveCfg = Debug|x64
		{831C73E3-C699-382B-B4AC-22B916594FBC}.Debug|x64.Build.0 = Debug|x64
		{831C73E3-C699-382B-B4AC-22B916594FBC}.Release|x64.ActiveCfg = Release|x64
		{831C73E3-C699-382B-B4AC-22B916594FBC}.Release|x64.Build.0 = Release|x64
		{831C73E3-C699-382B-B4AC-22B916594FBC}.MinSizeRel|x64.ActiveCfg = MinSizeRel|x64
		{831C73E3-C699-382B-B4AC-22B916594FBC}.MinSizeRel|x64.Build.0 = MinSizeRel|x64
		{831C73E3-C699-382B-B4AC-22B916594FBC}.RelWithDebInfo|x64.ActiveCfg = RelWithDebInfo|x64
		{831C73E3-C699-382B-B4AC-22B916594FBC}.RelWithDebInfo|x64.Build.0 = RelWithDebInfo|x64
		{B056A0E5-E920-3C40-AA3F-34C0823A4DA9}.Debug|x64.ActiveCfg = Debug|x64
		{B056A0E5-E920-3C40-AA3F-34C0823A4DA9}.Debug|x64.Build.0 = Debug|x64
		{B056A0E5-E920-3C40-AA3F-34C0823A4DA9}.Release|x64.ActiveCfg = Release|x64
		{B056A0E5-E920-3C40-AA3F-34C0823A4DA9}.Release|x64.Build.0 = Release|x64
		{B056A0E5-E920-3C40-AA3F-34C0823A4DA9}.MinSizeRel|x64.ActiveCfg = MinSizeRel|x64
		{B056A0E5-E920-3C40-AA3F-34C0823A4DA9}.MinSizeRel|x64.Build.0 = MinSizeRel|x64
		{B056A0E5-E920-3C40-AA3F-34C0823A4DA9}.RelWithDebInfo|x64.ActiveCfg = RelWithDebInfo|x64
		{B056A0E5-E920-3C40-AA3F-34C0823A4DA9}.RelWithDebInfo|x64.Build.0 = RelWithDebInfo|x64
		{E1FED9B7-1BC1-339B-B8DF-63E0A2247790}.Debug|x64.ActiveCfg = Debug|x64
		{E1FED9B7-1BC1-339B-B8DF-63E0A2247790}.Debug|x64.Build.0 = Debug|x64
		{E1FED9B7-1BC1-339B-B8DF-63E0A2247790}.Release|x64.ActiveCfg = Release|x64
		{E1FED9B7-1BC1-339B-B8DF-63E0A2247790}.Release|x64.Build.0 = Release|x64
		{E1FED9B7-1BC1-339B-B8DF-63E0A2247790}.MinSizeRel|x64.ActiveCfg = MinSizeRel|x64
		{E1FED9B7-1BC1-339B-B8DF-63E0A2247790}.MinSizeRel|x64.Build.0 = MinSizeRel|x64
		{E1FED9B7-1BC1-339B-B8DF-63E0A2247790}.RelWithDebInfo|x64.ActiveCfg = RelWithDebInfo|x64
		{E1FED9B7-1BC1-339B-B8DF-63E0A2247790}.RelWithDebInfo|x64.Build.0 = RelWithDebInfo|x64
		{FDDFF14A-313A-3F4A-89A1-1AEAC7B162DD}.Debug|x64.ActiveCfg = Debug|x64
		{FDDFF14A-313A-3F4A-89A1-1AEAC7B162DD}.Debug|x64.Build.0 = Debug|x64
		{FDDFF14A-313A-3F4A-89A1-1AEAC7B162DD}.Release|x64.ActiveCfg = Release|x64
		{FDDFF14A-313A-3F4A-89A1-1AEAC7B162DD}.Release|x64.Build.0 = Release|x64
		{FDDFF14A-313A-3F4A-89A1-1AEAC7B162DD}.MinSizeRel|x64.ActiveCfg = MinSizeRel|x64
		{FDDFF14A-313A-3F4A-89A1-1AEAC7B162DD}.MinSizeRel|x64.Build.0 = MinSizeRel|x64
		{FDDFF14A-313A-3F4A-89A1-1AEAC7B162DD}.RelWithDebInfo|x64.ActiveCfg = RelWithDebInfo|x64
		{FDDFF14A-313A-3F4A-89A1-1AEAC7B162DD}.RelWithDebInfo|x64.Build.0 = RelWithDebInfo|x64
		{7EB2A377-3AAB-3008-A7D8-31B42469CDCC}.Debug|x64.ActiveCfg = Debug|x64
		{7EB2A377-3AAB-3008-A7D8-31B42469CDCC}.Release|x64.ActiveCfg = Release|x64
		{7EB2A377-3AAB-3008-A7D8-31B42469CDCC}.MinSizeRel|x64.ActiveCfg = MinSizeRel|x64
		{7EB2A377-3AAB-3008-A7D8-31B42469CDCC}.RelWithDebInfo|x64.ActiveCfg = RelWithDebInfo|x64
		{BCC49EBF-951E-3E57-A2C7-79A67547B25F}.Debug|x64.ActiveCfg = Debug|x64
		{BCC49EBF-951E-3E57-A2C7-79A67547B25F}.Debug|x64.Build.0 = Debug|x64
		{BCC49EBF-951E-3E57-A2C7-79A67547B25F}.Release|x64.ActiveCfg = Release|x64
		{BCC49EBF-951E-3E57-A2C7-79A67547B25F}.Release|x64.Build.0 = Release|x64
		{BCC49EBF-951E-3E57-A2C7-79A67547B25F}.MinSizeRel|x64.ActiveCfg = MinSizeRel|x64
		{BCC49EBF-951E-3E57-A2C7-79A67547B25F}.MinSizeRel|x64.Build.0 = MinSizeRel|x64
		{BCC49EBF-951E-3E57-A2C7-79A67547B25F}.RelWithDebInfo|x64.ActiveCfg = RelWithDebInfo|x64
		{BCC49EBF-951E-3E57-A2C7-79A67547B25F}.RelWithDebInfo|x64.Build.0 = RelWithDebInfo|x64
		{66609CD9-7FD6-35D3-BFA7-E1DD883B95CF}.Debug|x64.ActiveCfg = Debug|x64
		{66609CD9-7FD6-35D3-BFA7-E1DD883B95CF}.Debug|x64.Build.0 = Debug|x64
		{66609CD9-7FD6-35D3-BFA7-E1DD883B95CF}.Release|x64.ActiveCfg = Release|x64
		{66609CD9-7FD6-35D3-BFA7-E1DD883B95CF}.Release|x64.Build.0 = Release|x64
		{66609CD9-7FD6-35D3-BFA7-E1DD883B95CF}.MinSizeRel|x64.ActiveCfg = MinSizeRel|x64
		{66609CD9-7FD6-35D3-BFA7-E1DD883B95CF}.MinSizeRel|x64.Build.0 = MinSizeRel|x64
		{66609CD9-7FD6-35D3-BFA7-E1DD883B95CF}.RelWithDebInfo|x64.ActiveCfg = RelWithDebInfo|x64
		{66609CD9-7FD6-35D3-BFA7-E1DD883B95CF}.RelWithDebInfo|x64.Build.0 = RelWithDebInfo|x64
	EndGlobalSection
	GlobalSection(NestedProjects) = preSolution
		{87CA665B-6C98-3C98-8AF1-771819E189B8} = {CA37EF39-A8EF-3D78-BDBA-36C1F2C52EF2}
		{B0250971-C263-3366-B7C1-F65415450CC8} = {CA37EF39-A8EF-3D78-BDBA-36C1F2C52EF2}
		{5A50A03A-F102-3295-B5CB-29548740A330} = {CA37EF39-A8EF-3D78-BDBA-36C1F2C52EF2}
		{4A777145-6B31-3653-A40E-DDD696F44962} = {4F61EDC7-5704-3AD0-8C97-689FD5F08DDF}
		{FE02ACB1-2468-3699-9A82-754E35549287} = {4F61EDC7-5704-3AD0-8C97-689FD5F08DDF}
		{7613CBE6-37B6-315F-9765-7DD76DC4BA73} = {4F61EDC7-5704-3AD0-8C97-689FD5F08DDF}
		{A891D4F1-2968-3C16-9D36-AC41884B9097} = {4A777145-6B31-3653-A40E-DDD696F44962}
		{2111F50B-797B-3891-96E2-AFB0F0AAFEC2} = {4A777145-6B31-3653-A40E-DDD696F44962}
		{BDD0F43A-6DAA-3E21-9D13-6E7C1E6C8189} = {4A777145-6B31-3653-A40E-DDD696F44962}
		{FDFE6780-ACB2-3A6B-BBEE-3A51AAF91144} = {4A777145-6B31-3653-A40E-DDD696F44962}
		{05C791F5-CC8A-32A9-A0EB-532EDFBBDBF5} = {4A777145-6B31-3653-A40E-DDD696F44962}
		{831C73E3-C699-382B-B4AC-22B916594FBC} = {4A777145-6B31-3653-A40E-DDD696F44962}
		{BCC49EBF-951E-3E57-A2C7-79A67547B25F} = {4A777145-6B31-3653-A40E-DDD696F44962}
		{F1DC3A30-333F-3CD5-B9B9-96C7E749AC3D} = {FE02ACB1-2468-3699-9A82-754E35549287}
		{DBFB8881-EC25-3BCC-ADE1-0FDBFAA878AA} = {FE02ACB1-2468-3699-9A82-754E35549287}
		{45B79A25-EA7B-3444-9B72-98A8FE56FF7E} = {FE02ACB1-2468-3699-9A82-754E35549287}
		{C3F0ADBE-671F-3838-A9A5-9A449A21FB61} = {FE02ACB1-2468-3699-9A82-754E35549287}
		{C605EE4A-A21A-3BC3-ABDA-92A7C1378C33} = {FE02ACB1-2468-3699-9A82-754E35549287}
		{1866BCCE-49D3-358D-B791-6DCE81DF7583} = {FE02ACB1-2468-3699-9A82-754E35549287}
		{A89CB9E1-4FF6-344C-A30A-D821547813F9} = {FE02ACB1-2468-3699-9A82-754E35549287}
		{2CEFC020-8654-3578-8D3A-9D5F30773F8D} = {FE02ACB1-2468-3699-9A82-754E35549287}
		{1C466492-8BF1-3DD9-B93C-AC358F44CCB4} = {FE02ACB1-2468-3699-9A82-754E35549287}
		{D8383C32-0975-36C2-B790-13B5C339A28A} = {FE02ACB1-2468-3699-9A82-754E35549287}
		{D8233912-99DA-3E21-99E5-77C598B71814} = {FE02ACB1-2468-3699-9A82-754E35549287}
		{C1F7835F-C607-3967-AEFD-50433A708878} = {FE02ACB1-2468-3699-9A82-754E35549287}
		{B056A0E5-E920-3C40-AA3F-34C0823A4DA9} = {FE02ACB1-2468-3699-9A82-754E35549287}
		{E1FED9B7-1BC1-339B-B8DF-63E0A2247790} = {FE02ACB1-2468-3699-9A82-754E35549287}
		{FDDFF14A-313A-3F4A-89A1-1AEAC7B162DD} = {FE02ACB1-2468-3699-9A82-754E35549287}
		{66609CD9-7FD6-35D3-BFA7-E1DD883B95CF} = {FE02ACB1-2468-3699-9A82-754E35549287}
	EndGlobalSection
	GlobalSection(ExtensibilityGlobals) = postSolution
		SolutionGuid = {40710490-F334-3A2D-A9CA-E8EED623864A}
	EndGlobalSection
	GlobalSection(ExtensibilityAddIns) = postSolution
	EndGlobalSection
EndGlobal
