<?xml version="1.0" encoding="utf-8"?>
<Project ToolsVersion="16.0" xmlns="http://schemas.microsoft.com/developer/msbuild/2003">
  <ItemGroup>
    <ClCompile Include="D:\HSU\Semester5\ComputerGraphics\OpenGl\OpenGL-Template-master\playground\playground.cpp">
      <Filter>Source Files</Filter>
    </ClCompile>
    <ClCompile Include="D:\HSU\Semester5\ComputerGraphics\OpenGl\OpenGL-Template-master\playground\parse_stl.cpp">
      <Filter>Source Files</Filter>
    </ClCompile>
    <ClCompile Include="D:\HSU\Semester5\ComputerGraphics\OpenGl\OpenGL-Template-master\common\shader.cpp">
      <Filter>common</Filter>
    </ClCompile>
  </ItemGroup>
  <ItemGroup>
    <ClInclude Include="D:\HSU\Semester5\ComputerGraphics\OpenGl\OpenGL-Template-master\playground\parse_stl.h">
      <Filter>Header Files</Filter>
    </ClInclude>
    <ClInclude Include="D:\HSU\Semester5\ComputerGraphics\OpenGl\OpenGL-Template-master\playground\playground.h">
      <Filter>Header Files</Filter>
    </ClInclude>
    <ClInclude Include="D:\HSU\Semester5\ComputerGraphics\OpenGl\OpenGL-Template-master\common\shader.hpp">
      <Filter>common</Filter>
    </ClInclude>
  </ItemGroup>
  <ItemGroup>
    <CustomBuild Include="D:\HSU\Semester5\ComputerGraphics\OpenGl\OpenGL-Template-master\CMakeLists.txt" />
  </ItemGroup>
  <ItemGroup>
    <None Include="D:\HSU\Semester5\ComputerGraphics\OpenGl\OpenGL-Template-master\playground\SimpleFragmentShader.fragmentshader">
      <Filter>shaders</Filter>
    </None>
    <None Include="D:\HSU\Semester5\ComputerGraphics\OpenGl\OpenGL-Template-master\playground\SimpleVertexShader.vertexshader">
      <Filter>shaders</Filter>
    </None>
  </ItemGroup>
  <ItemGroup>
    <Filter Include="Header Files">
      <UniqueIdentifier>{578C83DC-EFB4-34C4-A55A-1AF455410BCD}</UniqueIdentifier>
    </Filter>
    <Filter Include="Source Files">
      <UniqueIdentifier>{D18B4F88-BDD0-3D77-9A78-0BB266FC3547}</UniqueIdentifier>
    </Filter>
    <Filter Include="common">
      <UniqueIdentifier>{BEB7AAA4-130D-3AFA-8045-C0BE21CE3CDD}</UniqueIdentifier>
    </Filter>
    <Filter Include="shaders">
      <UniqueIdentifier>{CD86B044-4E13-3F60-BD5A-EA5341E4E1C7}</UniqueIdentifier>
    </Filter>
  </ItemGroup>
</Project>
